
Microsoft Visual Studio Solution File, Format Version 12.00
# Visual Studio Version 17
VisualStudioVersion = 17.11.35219.272
MinimumVisualStudioVersion = 10.0.40219.1
Project("{FAE04EC0-301F-11D3-BF4B-00C04F79EFBC}") = "OpenApiRecursiveModel", "OpenApiRecursiveModel\OpenApiRecursiveModel.csproj", "{3EB37551-C211-41F9-AA9A-F1672DFA2E61}"
EndProject
Global
	GlobalSection(SolutionConfigurationPlatforms) = preSolution
		Debug|Any CPU = Debug|Any CPU
		Release|Any CPU = Release|Any CPU
	EndGlobalSection
	GlobalSection(ProjectConfigurationPlatforms) = postSolution
		{3EB37551-C211-41F9-AA9A-F1672DFA2E61}.Debug|Any CPU.ActiveCfg = Debug|Any CPU
		{3EB37551-C211-41F9-AA9A-F1672DFA2E61}.Debug|Any CPU.Build.0 = Debug|Any CPU
		{3EB37551-C211-41F9-AA9A-F1672DFA2E61}.Release|Any CPU.ActiveCfg = Release|Any CPU
		{3EB37551-C211-41F9-AA9A-F1672DFA2E61}.Release|Any CPU.Build.0 = Release|Any CPU
	EndGlobalSection
	GlobalSection(SolutionProperties) = preSolution
		HideSolutionNode = FALSE
	EndGlobalSection
	GlobalSection(ExtensibilityGlobals) = postSolution
		SolutionGuid = {E15B6518-1180-4502-BFCE-F5D9D892C364}
	EndGlobalSection
EndGlobal
